{
  "name": "SJTUhelperv4",
  "version": "1.0.0",
  "lockfileVersion": 3,
  "requires": true,
  "packages": {
    "": {
      "name": "SJTUhelperv4",
      "version": "1.0.0",
      "dependencies": {
        "vue-avatar": "^2.3.3"
      }
    },
    "node_modules/vue-avatar": {
      "version": "2.3.3",
      "resolved": "https://registry.npmjs.org/vue-avatar/-/vue-avatar-2.3.3.tgz",
      "integrity": "sha512-Z57ILRTkFIAuCH9JiFBxX74C5zua5ub/jRDM/KZ+QKXNfscvmUOgWBs3kA2+wrpZMowIvfLHIT0gvQu1z+zpLg==",
      "engines": {
        "node": ">= 4.0.0",
        "npm": ">= 3.0.0"
      }
    }
  }
}
